
Microsoft Visual Studio Solution File, Format Version 12.00
# Visual Studio Version 17
VisualStudioVersion = 17.2.32519.379
MinimumVisualStudioVersion = 10.0.40219.1
Project("{FAE04EC0-301F-11D3-BF4B-00C04F79EFBC}") = "EasyNutrition.APIv_", "EasyNutrition.APIv_.csproj", "{A699DABB-AAF3-4952-AE5E-7349A6D8510B}"
EndProject
Global
	GlobalSection(SolutionConfigurationPlatforms) = preSolution
		Debug|Any CPU = Debug|Any CPU
		Release|Any CPU = Release|Any CPU
	EndGlobalSection
	GlobalSection(ProjectConfigurationPlatforms) = postSolution
		{A699DABB-AAF3-4952-AE5E-7349A6D8510B}.Debug|Any CPU.ActiveCfg = Debug|Any CPU
		{A699DABB-AAF3-4952-AE5E-7349A6D8510B}.Debug|Any CPU.Build.0 = Debug|Any CPU
		{A699DABB-AAF3-4952-AE5E-7349A6D8510B}.Release|Any CPU.ActiveCfg = Release|Any CPU
		{A699DABB-AAF3-4952-AE5E-7349A6D8510B}.Release|Any CPU.Build.0 = Release|Any CPU
	EndGlobalSection
	GlobalSection(SolutionProperties) = preSolution
		HideSolutionNode = FALSE
	EndGlobalSection
	GlobalSection(ExtensibilityGlobals) = postSolution
		SolutionGuid = {EC28B8AB-7A87-4778-BE70-5C975FDE3BF7}
	EndGlobalSection
EndGlobal
